
Microsoft Visual Studio Solution File, Format Version 12.00
# Visual Studio Version 16
VisualStudioVersion = 16.0.30523.141
MinimumVisualStudioVersion = 10.0.40219.1
Project("{FAE04EC0-301F-11D3-BF4B-00C04F79EFBC}") = "Laboratorio1_Windows_Ticona", "Laboratorio1_Windows_Ticona.csproj", "{CBFFCF33-C8E3-4817-8D31-C345335B734C}"
EndProject
Global
	GlobalSection(SolutionConfigurationPlatforms) = preSolution
		Debug|Any CPU = Debug|Any CPU
		Release|Any CPU = Release|Any CPU
	EndGlobalSection
	GlobalSection(ProjectConfigurationPlatforms) = postSolution
		{CBFFCF33-C8E3-4817-8D31-C345335B734C}.Debug|Any CPU.ActiveCfg = Debug|Any CPU
		{CBFFCF33-C8E3-4817-8D31-C345335B734C}.Debug|Any CPU.Build.0 = Debug|Any CPU
		{CBFFCF33-C8E3-4817-8D31-C345335B734C}.Release|Any CPU.ActiveCfg = Release|Any CPU
		{CBFFCF33-C8E3-4817-8D31-C345335B734C}.Release|Any CPU.Build.0 = Release|Any CPU
	EndGlobalSection
	GlobalSection(SolutionProperties) = preSolution
		HideSolutionNode = FALSE
	EndGlobalSection
	GlobalSection(ExtensibilityGlobals) = postSolution
		SolutionGuid = {96B3B1DF-D635-4CD3-83FB-0396DB974A02}
	EndGlobalSection
EndGlobal
